// !$*UTF8*$!
{
	archiveVersion = 1;
	classes = {
	};
	objectVersion = 50;
	objects = {

/* Begin PBXBuildFile section */
		26778E98237C27B6000CC284 /* AppDelegate.swift in Sources */ = {isa = PBXBuildFile; fileRef = 26778E97237C27B6000CC284 /* AppDelegate.swift */; };
		26778E9A237C27B6000CC284 /* SceneDelegate.swift in Sources */ = {isa = PBXBuildFile; fileRef = 26778E99237C27B6000CC284 /* SceneDelegate.swift */; };
		26778E9C237C27B6000CC284 /* ViewController.swift in Sources */ = {isa = PBXBuildFile; fileRef = 26778E9B237C27B6000CC284 /* ViewController.swift */; };
		26778E9F237C27B6000CC284 /* Main.storyboard in Resources */ = {isa = PBXBuildFile; fileRef = 26778E9D237C27B6000CC284 /* Main.storyboard */; };
		26778EA1237C27BA000CC284 /* Assets.xcassets in Resources */ = {isa = PBXBuildFile; fileRef = 26778EA0237C27BA000CC284 /* Assets.xcassets */; };
		26778EA4237C27BA000CC284 /* LaunchScreen.storyboard in Resources */ = {isa = PBXBuildFile; fileRef = 26778EA2237C27BA000CC284 /* LaunchScreen.storyboard */; };
/* End PBXBuildFile section */

/* Begin PBXFileReference section */
		26778E94237C27B6000CC284 /* StreamNASA.app */ = {isa = PBXFileReference; explicitFileType = wrapper.application; includeInIndex = 0; path = StreamNASA.app; sourceTree = BUILT_PRODUCTS_DIR; };
		26778E97237C27B6000CC284 /* AppDelegate.swift */ = {isa = PBXFileReference; lastKnownFileType = sourcecode.swift; path = AppDelegate.swift; sourceTree = "<group>"; };
		26778E99237C27B6000CC284 /* SceneDelegate.swift */ = {isa = PBXFileReference; lastKnownFileType = sourcecode.swift; path = SceneDelegate.swift; sourceTree = "<group>"; };
		26778E9B237C27B6000CC284 /* ViewController.swift */ = {isa = PBXFileReference; lastKnownFileType = sourcecode.swift; path = ViewController.swift; sourceTree = "<group>"; };
		26778E9E237C27B6000CC284 /* Base */ = {isa = PBXFileReference; lastKnownFileType = file.storyboard; name = Base; path = Base.lproj/Main.storyboard; sourceTree = "<group>"; };
		26778EA0237C27BA000CC284 /* Assets.xcassets */ = {isa = PBXFileReference; lastKnownFileType = folder.assetcatalog; path = Assets.xcassets; sourceTree = "<group>"; };
		26778EA3237C27BA000CC284 /* Base */ = {isa = PBXFileReference; lastKnownFileType = file.storyboard; name = Base; path = Base.lproj/LaunchScreen.storyboard; sourceTree = "<group>"; };
		26778EA5237C27BA000CC284 /* Info.plist */ = {isa = PBXFileReference; lastKnownFileType = text.plist.xml; path = Info.plist; sourceTree = "<group>"; };
/* End PBXFileReference section */

/* Begin PBXFrameworksBuildPhase section */
		26778E91237C27B6000CC284 /* Frameworks */ = {
			isa = PBXFrameworksBuildPhase;
			buildActionMask = 2147483647;
			files = (
			);
			runOnlyForDeploymentPostprocessing = 0;
		};
/* End PBXFrameworksBuildPhase section */

/* Begin PBXGroup section */
		26778E8B237C27B5000CC284 = {
			isa = PBXGroup;
			children = (
				26778E96237C27B6000CC284 /* StreamNASA */,
				26778E95237C27B6000CC284 /* Products */,
			);
			sourceTree = "<group>";
		};
		26778E95237C27B6000CC284 /* Products */ = {
			isa = PBXGroup;
			children = (
				26778E94237C27B6000CC284 /* StreamNASA.app */,
			);
			name = Products;
			sourceTree = "<group>";
		};
		26778E96237C27B6000CC284 /* StreamNASA */ = {
			isa = PBXGroup;
			children = (
				26778E97237C27B6000CC284 /* AppDelegate.swift */,
				26778E99237C27B6000CC284 /* SceneDelegate.swift */,
				26778E9B237C27B6000CC284 /* ViewController.swift */,
				26778E9D237C27B6000CC284 /* Main.storyboard */,
				26778EA0237C27BA000CC284 /* Assets.xcassets */,
				26778EA2237C27BA000CC284 /* LaunchScreen.storyboard */,
				26778EA5237C27BA000CC284 /* Info.plist */,
			);
			path = StreamNASA;
			sourceTree = "<group>";
		};
/* End PBXGroup section */

/* Begin PBXNativeTarget section */
		26778E93237C27B6000CC284 /* StreamNASA */ = {
			isa = PBXNativeTarget;
			buildConfigurationList = 26778EA8237C27BA000CC284 /* Build configuration list for PBXNativeTarget "StreamNASA" */;
			buildPhases = (
				26778E90237C27B6000CC284 /* Sources */,
				26778E91237C27B6000CC284 /* Frameworks */,
				26778E92237C27B6000CC284 /* Resources */,
			);
			buildRules = (
			);
			dependencies = (
			);
			name = StreamNASA;
			productName = StreamNASA;
			productReference = 26778E94237C27B6000CC284 /* StreamNASA.app */;
			productType = "com.apple.product-type.application";
		};
/* End PBXNativeTarget section */

/* Begin PBXProject section */
		26778E8C237C27B5000CC284 /* Project object */ = {
			isa = PBXProject;
			attributes = {
				LastSwiftUpdateCheck = 1110;
				LastUpgradeCheck = 1110;
				ORGANIZATIONNAME = "Eduard Siniakov";
				TargetAttributes = {
					26778E93237C27B6000CC284 = {
						CreatedOnToolsVersion = 11.1;
					};
				};
			};
			buildConfigurationList = 26778E8F237C27B5000CC284 /* Build configuration list for PBXProject "StreamNASA" */;
			compatibilityVersion = "Xcode 9.3";
			developmentRegion = en;
			hasScannedForEncodings = 0;
			knownRegions = (
				en,
				Base,
			);
			mainGroup = 26778E8B237C27B5000CC284;
			productRefGroup = 26778E95237C27B6000CC284 /* Products */;
			projectDirPath = "";
			projectRoot = "";
			targets = (
				26778E93237C27B6000CC284 /* StreamNASA */,
			);
		};
/* End PBXProject section */

/* Begin PBXResourcesBuildPhase section */
		26778E92237C27B6000CC284 /* Resources */ = {
			isa = PBXResourcesBuildPhase;
			buildActionMask = 2147483647;
			files = (
				26778EA4237C27BA000CC284 /* LaunchScreen.storyboard in Resources */,
				26778EA1237C27BA000CC284 /* Assets.xcassets in Resources */,
				26778E9F237C27B6000CC284 /* Main.storyboard in Resources */,
			);
			runOnlyForDeploymentPostprocessing = 0;
		};
/* End PBXResourcesBuildPhase section */

/* Begin PBXSourcesBuildPhase section */
		26778E90237C27B6000CC284 /* Sources */ = {
			isa = PBXSourcesBuildPhase;
			buildActionMask = 2147483647;
			files = (
				26778E9C237C27B6000CC284 /* ViewController.swift in Sources */,
				26778E98237C27B6000CC284 /* AppDelegate.swift in Sources */,
				26778E9A237C27B6000CC284 /* SceneDelegate.swift in Sources */,
			);
			runOnlyForDeploymentPostprocessing = 0;
		};
/* End PBXSourcesBuildPhase section */

/* Begin PBXVariantGroup section */
		26778E9D237C27B6000CC284 /* Main.storyboard */ = {
			isa = PBXVariantGroup;
			children = (
				26778E9E237C27B6000CC284 /* Base */,
			);
			name = Main.storyboard;
			sourceTree = "<group>";
		};
		26778EA2237C27BA000CC284 /* LaunchScreen.storyboard */ = {
			isa = PBXVariantGroup;
			children = (
				26778EA3237C27BA000CC284 /* Base */,
			);
			name = LaunchScreen.storyboard;
			sourceTree = "<group>";
		};
/* End PBXVariantGroup section */

/* Begin XCBuildConfiguration section */
		26778EA6237C27BA000CC284 /* Debug */ = {
			isa = XCBuildConfiguration;
			buildSettings = {
				ALWAYS_SEARCH_USER_PATHS = NO;
				CLANG_ANALYZER_NONNULL = YES;
				CLANG_ANALYZER_NUMBER_OBJECT_CONVERSION = YES_AGGRESSIVE;
				CLANG_CXX_LANGUAGE_STANDARD = "gnu++14";
				CLANG_CXX_LIBRARY = "libc++";
				CLANG_ENABLE_MODULES = YES;
				CLANG_ENABLE_OBJC_ARC = YES;
				CLANG_ENABLE_OBJC_WEAK = YES;
				CLANG_WARN_BLOCK_CAPTURE_AUTORELEASING = YES;
				CLANG_WARN_BOOL_CONVERSION = YES;
				CLANG_WARN_COMMA = YES;
				CLANG_WARN_CONSTANT_CONVERSION = YES;
				CLANG_WARN_DEPRECATED_OBJC_IMPLEMENTATIONS = YES;
				CLANG_WARN_DIRECT_OBJC_ISA_USAGE = YES_ERROR;
				CLANG_WARN_DOCUMENTATION_COMMENTS = YES;
				CLANG_WARN_EMPTY_BODY = YES;
				CLANG_WARN_ENUM_CONVERSION = YES;
				CLANG_WARN_INFINITE_RECURSION = YES;
				CLANG_WARN_INT_CONVERSION = YES;
				CLANG_WARN_NON_LITERAL_NULL_CONVERSION = YES;
				CLANG_WARN_OBJC_IMPLICIT_RETAIN_SELF = YES;
				CLANG_WARN_OBJC_LITERAL_CONVERSION = YES;
				CLANG_WARN_OBJC_ROOT_CLASS = YES_ERROR;
				CLANG_WARN_RANGE_LOOP_ANALYSIS = YES;
				CLANG_WARN_STRICT_PROTOTYPES = YES;
				CLANG_WARN_SUSPICIOUS_MOVE = YES;
				CLANG_WARN_UNGUARDED_AVAILABILITY = YES_AGGRESSIVE;
				CLANG_WARN_UNREACHABLE_CODE = YES;
				CLANG_WARN__DUPLICATE_METHOD_MATCH = YES;
				COPY_PHASE_STRIP = NO;
				DEBUG_INFORMATION_FORMAT = dwarf;
				ENABLE_STRICT_OBJC_MSGSEND = YES;
				ENABLE_TESTABILITY = YES;
				GCC_C_LANGUAGE_STANDARD = gnu11;
				GCC_DYNAMIC_NO_PIC = NO;
				GCC_NO_COMMON_BLOCKS = YES;
				GCC_OPTIMIZATION_LEVEL = 0;
				GCC_PREPROCESSOR_DEFINITIONS = (
					"DEBUG=1",
					"$(inherited)",
				);
				GCC_WARN_64_TO_32_BIT_CONVERSION = YES;
				GCC_WARN_ABOUT_RETURN_TYPE = YES_ERROR;
				GCC_WARN_UNDECLARED_SELECTOR = YES;
				GCC_WARN_UNINITIALIZED_AUTOS = YES_AGGRESSIVE;
				GCC_WARN_UNUSED_FUNCTION = YES;
				GCC_WARN_UNUSED_VARIABLE = YES;
				IPHONEOS_DEPLOYMENT_TARGET = 13.1;
				MTL_ENABLE_DEBUG_INFO = INCLUDE_SOURCE;
				MTL_FAST_MATH = YES;
				ONLY_ACTIVE_ARCH = YES;
				SDKROOT = iphoneos;
				SWIFT_ACTIVE_COMPILATION_CONDITIONS = DEBUG;
				SWIFT_OPTIMIZATION_LEVEL = "-Onone";
			};
			name = Debug;
		};
		26778EA7237C27BA000CC284 /* Release */ = {
			isa = XCBuildConfiguration;
			buildSettings = {
				ALWAYS_SEARCH_USER_PATHS = NO;
				CLANG_ANALYZER_NONNULL = YES;
				CLANG_ANALYZER_NUMBER_OBJECT_CONVERSION = YES_AGGRESSIVE;
				CLANG_CXX_LANGUAGE_STANDARD = "gnu++14";
				CLANG_CXX_LIBRARY = "libc++";
				CLANG_ENABLE_MODULES = YES;
				CLANG_ENABLE_OBJC_ARC = YES;
				CLANG_ENABLE_OBJC_WEAK = YES;
				CLANG_WARN_BLOCK_CAPTURE_AUTORELEASING = YES;
				CLANG_WARN_BOOL_CONVERSION = YES;
				CLANG_WARN_COMMA = YES;
				CLANG_WARN_CONSTANT_CONVERSION = YES;
				CLANG_WARN_DEPRECATED_OBJC_IMPLEMENTATIONS = YES;
				CLANG_WARN_DIRECT_OBJC_ISA_USAGE = YES_ERROR;
				CLANG_WARN_DOCUMENTATION_COMMENTS = YES;
				CLANG_WARN_EMPTY_BODY = YES;
				CLANG_WARN_ENUM_CONVERSION = YES;
				CLANG_WARN_INFINITE_RECURSION = YES;
				CLANG_WARN_INT_CONVERSION = YES;
				CLANG_WARN_NON_LITERAL_NULL_CONVERSION = YES;
				CLANG_WARN_OBJC_IMPLICIT_RETAIN_SELF = YES;
				CLANG_WARN_OBJC_LITERAL_CONVERSION = YES;
				CLANG_WARN_OBJC_ROOT_CLASS = YES_ERROR;
				CLANG_WARN_RANGE_LOOP_ANALYSIS = YES;
				CLANG_WARN_STRICT_PROTOTYPES = YES;
				CLANG_WARN_SUSPICIOUS_MOVE = YES;
				CLANG_WARN_UNGUARDED_AVAILABILITY = YES_AGGRESSIVE;
				CLANG_WARN_UNREACHABLE_CODE = YES;
				CLANG_WARN__DUPLICATE_METHOD_MATCH = YES;
				COPY_PHASE_STRIP = NO;
				DEBUG_INFORMATION_FORMAT = "dwarf-with-dsym";
				ENABLE_NS_ASSERTIONS = NO;
				ENABLE_STRICT_OBJC_MSGSEND = YES;
				GCC_C_LANGUAGE_STANDARD = gnu11;
				GCC_NO_COMMON_BLOCKS = YES;
				GCC_WARN_64_TO_32_BIT_CONVERSION = YES;
				GCC_WARN_ABOUT_RETURN_TYPE = YES_ERROR;
				GCC_WARN_UNDECLARED_SELECTOR = YES;
				GCC_WARN_UNINITIALIZED_AUTOS = YES_AGGRESSIVE;
				GCC_WARN_UNUSED_FUNCTION = YES;
				GCC_WARN_UNUSED_VARIABLE = YES;
				IPHONEOS_DEPLOYMENT_TARGET = 13.1;
				MTL_ENABLE_DEBUG_INFO = NO;
				MTL_FAST_MATH = YES;
				SDKROOT = iphoneos;
				SWIFT_COMPILATION_MODE = wholemodule;
				SWIFT_OPTIMIZATION_LEVEL = "-O";
				VALIDATE_PRODUCT = YES;
			};
			name = Release;
		};
		26778EA9237C27BA000CC284 /* Debug */ = {
			isa = XCBuildConfiguration;
			buildSettings = {
				ASSETCATALOG_COMPILER_APPICON_NAME = AppIcon;
				CODE_SIGN_STYLE = Automatic;
				INFOPLIST_FILE = StreamNASA/Info.plist;
				LD_RUNPATH_SEARCH_PATHS = (
					"$(inherited)",
					"@executable_path/Frameworks",
				);
				PRODUCT_BUNDLE_IDENTIFIER = "Eduard-Siniakov.StreamNASA";
				PRODUCT_NAME = "$(TARGET_NAME)";
				SWIFT_VERSION = 5.0;
				TARGETED_DEVICE_FAMILY = "1,2";
			};
			name = Debug;
		};
		26778EAA237C27BA000CC284 /* Release */ = {
			isa = XCBuildConfiguration;
			buildSettings = {
				ASSETCATALOG_COMPILER_APPICON_NAME = AppIcon;
				CODE_SIGN_STYLE = Automatic;
				INFOPLIST_FILE = StreamNASA/Info.plist;
				LD_RUNPATH_SEARCH_PATHS = (
					"$(inherited)",
					"@executable_path/Frameworks",
				);
				PRODUCT_BUNDLE_IDENTIFIER = "Eduard-Siniakov.StreamNASA";
				PRODUCT_NAME = "$(TARGET_NAME)";
				SWIFT_VERSION = 5.0;
				TARGETED_DEVICE_FAMILY = "1,2";
			};
			name = Release;
		};
/* End XCBuildConfiguration section */

/* Begin XCConfigurationList section */
		26778E8F237C27B5000CC284 /* Build configuration list for PBXProject "StreamNASA" */ = {
			isa = XCConfigurationList;
			buildConfigurations = (
				26778EA6237C27BA000CC284 /* Debug */,
				26778EA7237C27BA000CC284 /* Release */,
			);
			defaultConfigurationIsVisible = 0;
			defaultConfigurationName = Release;
		};
		26778EA8237C27BA000CC284 /* Build configuration list for PBXNativeTarget "StreamNASA" */ = {
			isa = XCConfigurationList;
			buildConfigurations = (
				26778EA9237C27BA000CC284 /* Debug */,
				26778EAA237C27BA000CC284 /* Release */,
			);
			defaultConfigurationIsVisible = 0;
			defaultConfigurationName = Release;
		};
/* End XCConfigurationList section */
	};
	rootObject = 26778E8C237C27B5000CC284 /* Project object */;
}
